{
  "name": "serverLogCron",
  "version": "1.0.0",
  "lockfileVersion": 2,
  "requires": true,
  "packages": {
    "": {
      "name": "serverLogCron",
      "version": "1.0.0",
      "dependencies": {
        "luxon": "^3.5.0"
      }
    },
    "node_modules/luxon": {
      "version": "3.5.0",
      "resolved": "https://registry.npmjs.org/luxon/-/luxon-3.5.0.tgz",
      "integrity": "sha512-bJm8LyW8D/8K2q2GfY6X6U5eC3rXb9gB9X4FzWjpy1g3OT2D8Qhl7t9bZpQ5tG2f1xX7Vt+rfk9U4c0Pdb7R0Q=="
    }
  }
}

